
Microsoft Visual Studio Solution File, Format Version 12.00
# Visual Studio Version 16
VisualStudioVersion = 16.0.30907.101
MinimumVisualStudioVersion = 10.0.40219.1
Project("{D954291E-2A0B-460D-934E-DC6B0785DB48}") = "UnoRecordsTest.Shared", "UnoRecordsTest\UnoRecordsTest.Shared\UnoRecordsTest.Shared.shproj", "{6279C845-92F8-4333-AB99-3D213163593C}"
EndProject
Project("{2150E333-8FDC-42A3-9474-1A3956D46DE8}") = "Platforms", "Platforms", "{B751CA6F-7437-4298-913F-99A1DFEB61A3}"
EndProject
Project("{FAE04EC0-301F-11D3-BF4B-00C04F79EFBC}") = "UnoRecordsTest.Droid", "UnoRecordsTest\UnoRecordsTest.Droid\UnoRecordsTest.Droid.csproj", "{DB1D1765-881E-47DA-89EE-B48B48720A40}"
EndProject
Project("{FAE04EC0-301F-11D3-BF4B-00C04F79EFBC}") = "UnoRecordsTest.iOS", "UnoRecordsTest\UnoRecordsTest.iOS\UnoRecordsTest.iOS.csproj", "{7941B2C9-CB07-483B-82A7-1D41AFB06B06}"
EndProject
Project("{FAE04EC0-301F-11D3-BF4B-00C04F79EFBC}") = "UnoRecordsTest.UWP", "UnoRecordsTest\UnoRecordsTest.UWP\UnoRecordsTest.UWP.csproj", "{9857D9BA-5701-4DA5-8825-4C33A6F2CFC2}"
EndProject
Project("{FAE04EC0-301F-11D3-BF4B-00C04F79EFBC}") = "UnoRecordsTest.Wasm", "UnoRecordsTest\UnoRecordsTest.Wasm\UnoRecordsTest.Wasm.csproj", "{A01F3DA4-099B-4796-AA53-59C626A63A3C}"
EndProject
Project("{FAE04EC0-301F-11D3-BF4B-00C04F79EFBC}") = "UnoRecordsTest.macOS", "UnoRecordsTest\UnoRecordsTest.macOS\UnoRecordsTest.macOS.csproj", "{CD61E13D-77A1-44C7-BD8C-4878283E5421}"
EndProject
Project("{FAE04EC0-301F-11D3-BF4B-00C04F79EFBC}") = "UnoRecordsTest.Skia.Wpf.Host", "UnoRecordsTest\UnoRecordsTest.Skia.Wpf.Host\UnoRecordsTest.Skia.Wpf.Host.csproj", "{3A4D56CF-ED59-4AA7-8148-58530DCBCF88}"
EndProject
Project("{FAE04EC0-301F-11D3-BF4B-00C04F79EFBC}") = "UnoRecordsTest.Skia.Wpf", "UnoRecordsTest\UnoRecordsTest.Skia.Wpf\UnoRecordsTest.Skia.Wpf.csproj", "{2AA4CCA9-D9B5-4719-A162-4C6CED964F87}"
EndProject
Project("{FAE04EC0-301F-11D3-BF4B-00C04F79EFBC}") = "UnoRecordsTest.Skia.Gtk", "UnoRecordsTest\UnoRecordsTest.Skia.Gtk\UnoRecordsTest.Skia.Gtk.csproj", "{B611C2C7-98F3-4400-B776-0AD2A54CBB8B}"
EndProject
Project("{FAE04EC0-301F-11D3-BF4B-00C04F79EFBC}") = "UnoRecordsTest.Skia.Tizen", "UnoRecordsTest\UnoRecordsTest.Skia.Tizen\UnoRecordsTest.Skia.Tizen.csproj", "{915357B1-E12F-4531-8CFB-907FD348548D}"
EndProject
Global
	GlobalSection(SharedMSBuildProjectFiles) = preSolution
		UnoRecordsTest\UnoRecordsTest.Shared\UnoRecordsTest.Shared.projitems*{2aa4cca9-d9b5-4719-a162-4c6ced964f87}*SharedItemsImports = 5
		UnoRecordsTest\UnoRecordsTest.Shared\UnoRecordsTest.Shared.projitems*{6279c845-92f8-4333-ab99-3d213163593c}*SharedItemsImports = 13
		UnoRecordsTest\UnoRecordsTest.Shared\UnoRecordsTest.Shared.projitems*{7941b2c9-cb07-483b-82a7-1d41afb06b06}*SharedItemsImports = 4
		UnoRecordsTest\UnoRecordsTest.Shared\UnoRecordsTest.Shared.projitems*{915357b1-e12f-4531-8cfb-907fd348548d}*SharedItemsImports = 5
		UnoRecordsTest\UnoRecordsTest.Shared\UnoRecordsTest.Shared.projitems*{9857d9ba-5701-4da5-8825-4c33a6f2cfc2}*SharedItemsImports = 4
		UnoRecordsTest\UnoRecordsTest.Shared\UnoRecordsTest.Shared.projitems*{a01f3da4-099b-4796-aa53-59c626a63a3c}*SharedItemsImports = 5
		UnoRecordsTest\UnoRecordsTest.Shared\UnoRecordsTest.Shared.projitems*{b611c2c7-98f3-4400-b776-0ad2a54cbb8b}*SharedItemsImports = 5
		UnoRecordsTest\UnoRecordsTest.Shared\UnoRecordsTest.Shared.projitems*{cd61e13d-77a1-44c7-bd8c-4878283e5421}*SharedItemsImports = 4
		UnoRecordsTest\UnoRecordsTest.Shared\UnoRecordsTest.Shared.projitems*{db1d1765-881e-47da-89ee-b48b48720a40}*SharedItemsImports = 4
	EndGlobalSection
	GlobalSection(SolutionConfigurationPlatforms) = preSolution
		Ad-Hoc|Any CPU = Ad-Hoc|Any CPU
		Ad-Hoc|ARM = Ad-Hoc|ARM
		Ad-Hoc|ARM64 = Ad-Hoc|ARM64
		Ad-Hoc|iPhone = Ad-Hoc|iPhone
		Ad-Hoc|iPhoneSimulator = Ad-Hoc|iPhoneSimulator
		Ad-Hoc|x64 = Ad-Hoc|x64
		Ad-Hoc|x86 = Ad-Hoc|x86
		AppStore|Any CPU = AppStore|Any CPU
		AppStore|ARM = AppStore|ARM
		AppStore|ARM64 = AppStore|ARM64
		AppStore|iPhone = AppStore|iPhone
		AppStore|iPhoneSimulator = AppStore|iPhoneSimulator
		AppStore|x64 = AppStore|x64
		AppStore|x86 = AppStore|x86
		Debug|Any CPU = Debug|Any CPU
		Debug|ARM = Debug|ARM
		Debug|ARM64 = Debug|ARM64
		Debug|iPhone = Debug|iPhone
		Debug|iPhoneSimulator = Debug|iPhoneSimulator
		Debug|x64 = Debug|x64
		Debug|x86 = Debug|x86
		Release|Any CPU = Release|Any CPU
		Release|ARM = Release|ARM
		Release|ARM64 = Release|ARM64
		Release|iPhone = Release|iPhone
		Release|iPhoneSimulator = Release|iPhoneSimulator
		Release|x64 = Release|x64
		Release|x86 = Release|x86
	EndGlobalSection
	GlobalSection(ProjectConfigurationPlatforms) = postSolution
		{DB1D1765-881E-47DA-89EE-B48B48720A40}.Ad-Hoc|Any CPU.ActiveCfg = Debug|Any CPU
		{DB1D1765-881E-47DA-89EE-B48B48720A40}.Ad-Hoc|Any CPU.Build.0 = Debug|Any CPU
		{DB1D1765-881E-47DA-89EE-B48B48720A40}.Ad-Hoc|Any CPU.Deploy.0 = Debug|Any CPU
		{DB1D1765-881E-47DA-89EE-B48B48720A40}.Ad-Hoc|ARM.ActiveCfg = Debug|Any CPU
		{DB1D1765-881E-47DA-89EE-B48B48720A40}.Ad-Hoc|ARM.Build.0 = Debug|Any CPU
		{DB1D1765-881E-47DA-89EE-B48B48720A40}.Ad-Hoc|ARM.Deploy.0 = Debug|Any CPU
		{DB1D1765-881E-47DA-89EE-B48B48720A40}.Ad-Hoc|ARM64.ActiveCfg = Debug|Any CPU
		{DB1D1765-881E-47DA-89EE-B48B48720A40}.Ad-Hoc|ARM64.Build.0 = Debug|Any CPU
		{DB1D1765-881E-47DA-89EE-B48B48720A40}.Ad-Hoc|ARM64.Deploy.0 = Debug|Any CPU
		{DB1D1765-881E-47DA-89EE-B48B48720A40}.Ad-Hoc|iPhone.ActiveCfg = Debug|Any CPU
		{DB1D1765-881E-47DA-89EE-B48B48720A40}.Ad-Hoc|iPhone.Build.0 = Debug|Any CPU
		{DB1D1765-881E-47DA-89EE-B48B48720A40}.Ad-Hoc|iPhone.Deploy.0 = Debug|Any CPU
		{DB1D1765-881E-47DA-89EE-B48B48720A40}.Ad-Hoc|iPhoneSimulator.ActiveCfg = Debug|Any CPU
		{DB1D1765-881E-47DA-89EE-B48B48720A40}.Ad-Hoc|iPhoneSimulator.Build.0 = Debug|Any CPU
		{DB1D1765-881E-47DA-89EE-B48B48720A40}.Ad-Hoc|iPhoneSimulator.Deploy.0 = Debug|Any CPU
		{DB1D1765-881E-47DA-89EE-B48B48720A40}.Ad-Hoc|x64.ActiveCfg = Debug|Any CPU
		{DB1D1765-881E-47DA-89EE-B48B48720A40}.Ad-Hoc|x64.Build.0 = Debug|Any CPU
		{DB1D1765-881E-47DA-89EE-B48B48720A40}.Ad-Hoc|x64.Deploy.0 = Debug|Any CPU
		{DB1D1765-881E-47DA-89EE-B48B48720A40}.Ad-Hoc|x86.ActiveCfg = Debug|Any CPU
		{DB1D1765-881E-47DA-89EE-B48B48720A40}.Ad-Hoc|x86.Build.0 = Debug|Any CPU
		{DB1D1765-881E-47DA-89EE-B48B48720A40}.Ad-Hoc|x86.Deploy.0 = Debug|Any CPU
		{DB1D1765-881E-47DA-89EE-B48B48720A40}.AppStore|Any CPU.ActiveCfg = Debug|Any CPU
		{DB1D1765-881E-47DA-89EE-B48B48720A40}.AppStore|Any CPU.Build.0 = Debug|Any CPU
		{DB1D1765-881E-47DA-89EE-B48B48720A40}.AppStore|Any CPU.Deploy.0 = Debug|Any CPU
		{DB1D1765-881E-47DA-89EE-B48B48720A40}.AppStore|ARM.ActiveCfg = Debug|Any CPU
		{DB1D1765-881E-47DA-89EE-B48B48720A40}.AppStore|ARM.Build.0 = Debug|Any CPU
		{DB1D1765-881E-47DA-89EE-B48B48720A40}.AppStore|ARM.Deploy.0 = Debug|Any CPU
		{DB1D1765-881E-47DA-89EE-B48B48720A40}.AppStore|ARM64.ActiveCfg = Debug|Any CPU
		{DB1D1765-881E-47DA-89EE-B48B48720A40}.AppStore|ARM64.Build.0 = Debug|Any CPU
		{DB1D1765-881E-47DA-89EE-B48B48720A40}.AppStore|ARM64.Deploy.0 = Debug|Any CPU
		{DB1D1765-881E-47DA-89EE-B48B48720A40}.AppStore|iPhone.ActiveCfg = Debug|Any CPU
		{DB1D1765-881E-47DA-89EE-B48B48720A40}.AppStore|iPhone.Build.0 = Debug|Any CPU
		{DB1D1765-881E-47DA-89EE-B48B48720A40}.AppStore|iPhone.Deploy.0 = Debug|Any CPU
		{DB1D1765-881E-47DA-89EE-B48B48720A40}.AppStore|iPhoneSimulator.ActiveCfg = Debug|Any CPU
		{DB1D1765-881E-47DA-89EE-B48B48720A40}.AppStore|iPhoneSimulator.Build.0 = Debug|Any CPU
		{DB1D1765-881E-47DA-89EE-B48B48720A40}.AppStore|iPhoneSimulator.Deploy.0 = Debug|Any CPU
		{DB1D1765-881E-47DA-89EE-B48B48720A40}.AppStore|x64.ActiveCfg = Debug|Any CPU
		{DB1D1765-881E-47DA-89EE-B48B48720A40}.AppStore|x64.Build.0 = Debug|Any CPU
		{DB1D1765-881E-47DA-89EE-B48B48720A40}.AppStore|x64.Deploy.0 = Debug|Any CPU
		{DB1D1765-881E-47DA-89EE-B48B48720A40}.AppStore|x86.ActiveCfg = Debug|Any CPU
		{DB1D1765-881E-47DA-89EE-B48B48720A40}.AppStore|x86.Build.0 = Debug|Any CPU
		{DB1D1765-881E-47DA-89EE-B48B48720A40}.AppStore|x86.Deploy.0 = Debug|Any CPU
		{DB1D1765-881E-47DA-89EE-B48B48720A40}.Debug|Any CPU.ActiveCfg = Debug|Any CPU
		{DB1D1765-881E-47DA-89EE-B48B48720A40}.Debug|Any CPU.Build.0 = Debug|Any CPU
		{DB1D1765-881E-47DA-89EE-B48B48720A40}.Debug|Any CPU.Deploy.0 = Debug|Any CPU
		{DB1D1765-881E-47DA-89EE-B48B48720A40}.Debug|ARM.ActiveCfg = Debug|Any CPU
		{DB1D1765-881E-47DA-89EE-B48B48720A40}.Debug|ARM.Build.0 = Debug|Any CPU
		{DB1D1765-881E-47DA-89EE-B48B48720A40}.Debug|ARM.Deploy.0 = Debug|Any CPU
		{DB1D1765-881E-47DA-89EE-B48B48720A40}.Debug|ARM64.ActiveCfg = Debug|Any CPU
		{DB1D1765-881E-47DA-89EE-B48B48720A40}.Debug|ARM64.Build.0 = Debug|Any CPU
		{DB1D1765-881E-47DA-89EE-B48B48720A40}.Debug|ARM64.Deploy.0 = Debug|Any CPU
		{DB1D1765-881E-47DA-89EE-B48B48720A40}.Debug|iPhone.ActiveCfg = Debug|Any CPU
		{DB1D1765-881E-47DA-89EE-B48B48720A40}.Debug|iPhone.Build.0 = Debug|Any CPU
		{DB1D1765-881E-47DA-89EE-B48B48720A40}.Debug|iPhone.Deploy.0 = Debug|Any CPU
		{DB1D1765-881E-47DA-89EE-B48B48720A40}.Debug|iPhoneSimulator.ActiveCfg = Debug|Any CPU
		{DB1D1765-881E-47DA-89EE-B48B48720A40}.Debug|iPhoneSimulator.Build.0 = Debug|Any CPU
		{DB1D1765-881E-47DA-89EE-B48B48720A40}.Debug|iPhoneSimulator.Deploy.0 = Debug|Any CPU
		{DB1D1765-881E-47DA-89EE-B48B48720A40}.Debug|x64.ActiveCfg = Debug|Any CPU
		{DB1D1765-881E-47DA-89EE-B48B48720A40}.Debug|x64.Build.0 = Debug|Any CPU
		{DB1D1765-881E-47DA-89EE-B48B48720A40}.Debug|x64.Deploy.0 = Debug|Any CPU
		{DB1D1765-881E-47DA-89EE-B48B48720A40}.Debug|x86.ActiveCfg = Debug|Any CPU
		{DB1D1765-881E-47DA-89EE-B48B48720A40}.Debug|x86.Build.0 = Debug|Any CPU
		{DB1D1765-881E-47DA-89EE-B48B48720A40}.Debug|x86.Deploy.0 = Debug|Any CPU
		{DB1D1765-881E-47DA-89EE-B48B48720A40}.Release|Any CPU.ActiveCfg = Release|Any CPU
		{DB1D1765-881E-47DA-89EE-B48B48720A40}.Release|Any CPU.Build.0 = Release|Any CPU
		{DB1D1765-881E-47DA-89EE-B48B48720A40}.Release|Any CPU.Deploy.0 = Release|Any CPU
		{DB1D1765-881E-47DA-89EE-B48B48720A40}.Release|ARM.ActiveCfg = Release|Any CPU
		{DB1D1765-881E-47DA-89EE-B48B48720A40}.Release|ARM.Build.0 = Release|Any CPU
		{DB1D1765-881E-47DA-89EE-B48B48720A40}.Release|ARM.Deploy.0 = Release|Any CPU
		{DB1D1765-881E-47DA-89EE-B48B48720A40}.Release|ARM64.ActiveCfg = Release|Any CPU
		{DB1D1765-881E-47DA-89EE-B48B48720A40}.Release|ARM64.Build.0 = Release|Any CPU
		{DB1D1765-881E-47DA-89EE-B48B48720A40}.Release|ARM64.Deploy.0 = Release|Any CPU
		{DB1D1765-881E-47DA-89EE-B48B48720A40}.Release|iPhone.ActiveCfg = Release|Any CPU
		{DB1D1765-881E-47DA-89EE-B48B48720A40}.Release|iPhone.Build.0 = Release|Any CPU
		{DB1D1765-881E-47DA-89EE-B48B48720A40}.Release|iPhone.Deploy.0 = Release|Any CPU
		{DB1D1765-881E-47DA-89EE-B48B48720A40}.Release|iPhoneSimulator.ActiveCfg = Release|Any CPU
		{DB1D1765-881E-47DA-89EE-B48B48720A40}.Release|iPhoneSimulator.Build.0 = Release|Any CPU
		{DB1D1765-881E-47DA-89EE-B48B48720A40}.Release|iPhoneSimulator.Deploy.0 = Release|Any CPU
		{DB1D1765-881E-47DA-89EE-B48B48720A40}.Release|x64.ActiveCfg = Release|Any CPU
		{DB1D1765-881E-47DA-89EE-B48B48720A40}.Release|x64.Build.0 = Release|Any CPU
		{DB1D1765-881E-47DA-89EE-B48B48720A40}.Release|x64.Deploy.0 = Release|Any CPU
		{DB1D1765-881E-47DA-89EE-B48B48720A40}.Release|x86.ActiveCfg = Release|Any CPU
		{DB1D1765-881E-47DA-89EE-B48B48720A40}.Release|x86.Build.0 = Release|Any CPU
		{DB1D1765-881E-47DA-89EE-B48B48720A40}.Release|x86.Deploy.0 = Release|Any CPU
		{7941B2C9-CB07-483B-82A7-1D41AFB06B06}.Ad-Hoc|Any CPU.ActiveCfg = Ad-Hoc|iPhoneSimulator
		{7941B2C9-CB07-483B-82A7-1D41AFB06B06}.Ad-Hoc|ARM.ActiveCfg = Ad-Hoc|iPhoneSimulator
		{7941B2C9-CB07-483B-82A7-1D41AFB06B06}.Ad-Hoc|ARM64.ActiveCfg = Ad-Hoc|iPhoneSimulator
		{7941B2C9-CB07-483B-82A7-1D41AFB06B06}.Ad-Hoc|iPhone.ActiveCfg = Ad-Hoc|iPhone
		{7941B2C9-CB07-483B-82A7-1D41AFB06B06}.Ad-Hoc|iPhone.Build.0 = Ad-Hoc|iPhone
		{7941B2C9-CB07-483B-82A7-1D41AFB06B06}.Ad-Hoc|iPhoneSimulator.ActiveCfg = Ad-Hoc|iPhoneSimulator
		{7941B2C9-CB07-483B-82A7-1D41AFB06B06}.Ad-Hoc|iPhoneSimulator.Build.0 = Ad-Hoc|iPhoneSimulator
		{7941B2C9-CB07-483B-82A7-1D41AFB06B06}.Ad-Hoc|x64.ActiveCfg = Ad-Hoc|iPhoneSimulator
		{7941B2C9-CB07-483B-82A7-1D41AFB06B06}.Ad-Hoc|x86.ActiveCfg = Ad-Hoc|iPhoneSimulator
		{7941B2C9-CB07-483B-82A7-1D41AFB06B06}.AppStore|Any CPU.ActiveCfg = AppStore|iPhoneSimulator
		{7941B2C9-CB07-483B-82A7-1D41AFB06B06}.AppStore|ARM.ActiveCfg = AppStore|iPhoneSimulator
		{7941B2C9-CB07-483B-82A7-1D41AFB06B06}.AppStore|ARM64.ActiveCfg = AppStore|iPhoneSimulator
		{7941B2C9-CB07-483B-82A7-1D41AFB06B06}.AppStore|iPhone.ActiveCfg = AppStore|iPhone
		{7941B2C9-CB07-483B-82A7-1D41AFB06B06}.AppStore|iPhone.Build.0 = AppStore|iPhone
		{7941B2C9-CB07-483B-82A7-1D41AFB06B06}.AppStore|iPhoneSimulator.ActiveCfg = AppStore|iPhoneSimulator
		{7941B2C9-CB07-483B-82A7-1D41AFB06B06}.AppStore|iPhoneSimulator.Build.0 = AppStore|iPhoneSimulator
		{7941B2C9-CB07-483B-82A7-1D41AFB06B06}.AppStore|x64.ActiveCfg = AppStore|iPhoneSimulator
		{7941B2C9-CB07-483B-82A7-1D41AFB06B06}.AppStore|x86.ActiveCfg = AppStore|iPhoneSimulator
		{7941B2C9-CB07-483B-82A7-1D41AFB06B06}.Debug|Any CPU.ActiveCfg = Debug|iPhoneSimulator
		{7941B2C9-CB07-483B-82A7-1D41AFB06B06}.Debug|ARM.ActiveCfg = Debug|iPhoneSimulator
		{7941B2C9-CB07-483B-82A7-1D41AFB06B06}.Debug|ARM64.ActiveCfg = Debug|iPhoneSimulator
		{7941B2C9-CB07-483B-82A7-1D41AFB06B06}.Debug|iPhone.ActiveCfg = Debug|iPhone
		{7941B2C9-CB07-483B-82A7-1D41AFB06B06}.Debug|iPhone.Build.0 = Debug|iPhone
		{7941B2C9-CB07-483B-82A7-1D41AFB06B06}.Debug|iPhoneSimulator.ActiveCfg = Debug|iPhoneSimulator
		{7941B2C9-CB07-483B-82A7-1D41AFB06B06}.Debug|iPhoneSimulator.Build.0 = Debug|iPhoneSimulator
		{7941B2C9-CB07-483B-82A7-1D41AFB06B06}.Debug|x64.ActiveCfg = Debug|iPhoneSimulator
		{7941B2C9-CB07-483B-82A7-1D41AFB06B06}.Debug|x86.ActiveCfg = Debug|iPhoneSimulator
		{7941B2C9-CB07-483B-82A7-1D41AFB06B06}.Release|Any CPU.ActiveCfg = Release|iPhoneSimulator
		{7941B2C9-CB07-483B-82A7-1D41AFB06B06}.Release|ARM.ActiveCfg = Release|iPhoneSimulator
		{7941B2C9-CB07-483B-82A7-1D41AFB06B06}.Release|ARM64.ActiveCfg = Release|iPhoneSimulator
		{7941B2C9-CB07-483B-82A7-1D41AFB06B06}.Release|iPhone.ActiveCfg = Release|iPhone
		{7941B2C9-CB07-483B-82A7-1D41AFB06B06}.Release|iPhone.Build.0 = Release|iPhone
		{7941B2C9-CB07-483B-82A7-1D41AFB06B06}.Release|iPhoneSimulator.ActiveCfg = Release|iPhoneSimulator
		{7941B2C9-CB07-483B-82A7-1D41AFB06B06}.Release|iPhoneSimulator.Build.0 = Release|iPhoneSimulator
		{7941B2C9-CB07-483B-82A7-1D41AFB06B06}.Release|x64.ActiveCfg = Release|iPhoneSimulator
		{7941B2C9-CB07-483B-82A7-1D41AFB06B06}.Release|x86.ActiveCfg = Release|iPhoneSimulator
		{9857D9BA-5701-4DA5-8825-4C33A6F2CFC2}.Ad-Hoc|Any CPU.ActiveCfg = Debug|x86
		{9857D9BA-5701-4DA5-8825-4C33A6F2CFC2}.Ad-Hoc|Any CPU.Build.0 = Debug|x86
		{9857D9BA-5701-4DA5-8825-4C33A6F2CFC2}.Ad-Hoc|Any CPU.Deploy.0 = Debug|x86
		{9857D9BA-5701-4DA5-8825-4C33A6F2CFC2}.Ad-Hoc|ARM.ActiveCfg = Debug|ARM
		{9857D9BA-5701-4DA5-8825-4C33A6F2CFC2}.Ad-Hoc|ARM.Build.0 = Debug|ARM
		{9857D9BA-5701-4DA5-8825-4C33A6F2CFC2}.Ad-Hoc|ARM.Deploy.0 = Debug|ARM
		{9857D9BA-5701-4DA5-8825-4C33A6F2CFC2}.Ad-Hoc|ARM64.ActiveCfg = Debug|ARM64
		{9857D9BA-5701-4DA5-8825-4C33A6F2CFC2}.Ad-Hoc|ARM64.Build.0 = Debug|ARM64
		{9857D9BA-5701-4DA5-8825-4C33A6F2CFC2}.Ad-Hoc|ARM64.Deploy.0 = Debug|ARM64
		{9857D9BA-5701-4DA5-8825-4C33A6F2CFC2}.Ad-Hoc|iPhone.ActiveCfg = Debug|x86
		{9857D9BA-5701-4DA5-8825-4C33A6F2CFC2}.Ad-Hoc|iPhone.Build.0 = Debug|x86
		{9857D9BA-5701-4DA5-8825-4C33A6F2CFC2}.Ad-Hoc|iPhone.Deploy.0 = Debug|x86
		{9857D9BA-5701-4DA5-8825-4C33A6F2CFC2}.Ad-Hoc|iPhoneSimulator.ActiveCfg = Debug|x86
		{9857D9BA-5701-4DA5-8825-4C33A6F2CFC2}.Ad-Hoc|iPhoneSimulator.Build.0 = Debug|x86
		{9857D9BA-5701-4DA5-8825-4C33A6F2CFC2}.Ad-Hoc|iPhoneSimulator.Deploy.0 = Debug|x86
		{9857D9BA-5701-4DA5-8825-4C33A6F2CFC2}.Ad-Hoc|x64.ActiveCfg = Debug|x64
		{9857D9BA-5701-4DA5-8825-4C33A6F2CFC2}.Ad-Hoc|x64.Build.0 = Debug|x64
		{9857D9BA-5701-4DA5-8825-4C33A6F2CFC2}.Ad-Hoc|x64.Deploy.0 = Debug|x64
		{9857D9BA-5701-4DA5-8825-4C33A6F2CFC2}.Ad-Hoc|x86.ActiveCfg = Debug|x86
		{9857D9BA-5701-4DA5-8825-4C33A6F2CFC2}.Ad-Hoc|x86.Build.0 = Debug|x86
		{9857D9BA-5701-4DA5-8825-4C33A6F2CFC2}.Ad-Hoc|x86.Deploy.0 = Debug|x86
		{9857D9BA-5701-4DA5-8825-4C33A6F2CFC2}.AppStore|Any CPU.ActiveCfg = Debug|x86
		{9857D9BA-5701-4DA5-8825-4C33A6F2CFC2}.AppStore|Any CPU.Build.0 = Debug|x86
		{9857D9BA-5701-4DA5-8825-4C33A6F2CFC2}.AppStore|Any CPU.Deploy.0 = Debug|x86
		{9857D9BA-5701-4DA5-8825-4C33A6F2CFC2}.AppStore|ARM.ActiveCfg = Debug|ARM
		{9857D9BA-5701-4DA5-8825-4C33A6F2CFC2}.AppStore|ARM.Build.0 = Debug|ARM
		{9857D9BA-5701-4DA5-8825-4C33A6F2CFC2}.AppStore|ARM.Deploy.0 = Debug|ARM
		{9857D9BA-5701-4DA5-8825-4C33A6F2CFC2}.AppStore|ARM64.ActiveCfg = Debug|ARM64
		{9857D9BA-5701-4DA5-8825-4C33A6F2CFC2}.AppStore|ARM64.Build.0 = Debug|ARM64
		{9857D9BA-5701-4DA5-8825-4C33A6F2CFC2}.AppStore|ARM64.Deploy.0 = Debug|ARM64
		{9857D9BA-5701-4DA5-8825-4C33A6F2CFC2}.AppStore|iPhone.ActiveCfg = Debug|x86
		{9857D9BA-5701-4DA5-8825-4C33A6F2CFC2}.AppStore|iPhone.Build.0 = Debug|x86
		{9857D9BA-5701-4DA5-8825-4C33A6F2CFC2}.AppStore|iPhone.Deploy.0 = Debug|x86
		{9857D9BA-5701-4DA5-8825-4C33A6F2CFC2}.AppStore|iPhoneSimulator.ActiveCfg = Debug|x86
		{9857D9BA-5701-4DA5-8825-4C33A6F2CFC2}.AppStore|iPhoneSimulator.Build.0 = Debug|x86
		{9857D9BA-5701-4DA5-8825-4C33A6F2CFC2}.AppStore|iPhoneSimulator.Deploy.0 = Debug|x86
		{9857D9BA-5701-4DA5-8825-4C33A6F2CFC2}.AppStore|x64.ActiveCfg = Debug|x64
		{9857D9BA-5701-4DA5-8825-4C33A6F2CFC2}.AppStore|x64.Build.0 = Debug|x64
		{9857D9BA-5701-4DA5-8825-4C33A6F2CFC2}.AppStore|x64.Deploy.0 = Debug|x64
		{9857D9BA-5701-4DA5-8825-4C33A6F2CFC2}.AppStore|x86.ActiveCfg = Debug|x86
		{9857D9BA-5701-4DA5-8825-4C33A6F2CFC2}.AppStore|x86.Build.0 = Debug|x86
		{9857D9BA-5701-4DA5-8825-4C33A6F2CFC2}.AppStore|x86.Deploy.0 = Debug|x86
		{9857D9BA-5701-4DA5-8825-4C33A6F2CFC2}.Debug|Any CPU.ActiveCfg = Debug|x86
		{9857D9BA-5701-4DA5-8825-4C33A6F2CFC2}.Debug|Any CPU.Build.0 = Debug|x86
		{9857D9BA-5701-4DA5-8825-4C33A6F2CFC2}.Debug|Any CPU.Deploy.0 = Debug|x86
		{9857D9BA-5701-4DA5-8825-4C33A6F2CFC2}.Debug|ARM.ActiveCfg = Debug|ARM
		{9857D9BA-5701-4DA5-8825-4C33A6F2CFC2}.Debug|ARM.Build.0 = Debug|ARM
		{9857D9BA-5701-4DA5-8825-4C33A6F2CFC2}.Debug|ARM.Deploy.0 = Debug|ARM
		{9857D9BA-5701-4DA5-8825-4C33A6F2CFC2}.Debug|ARM64.ActiveCfg = Debug|ARM64
		{9857D9BA-5701-4DA5-8825-4C33A6F2CFC2}.Debug|ARM64.Build.0 = Debug|ARM64
		{9857D9BA-5701-4DA5-8825-4C33A6F2CFC2}.Debug|ARM64.Deploy.0 = Debug|ARM64
		{9857D9BA-5701-4DA5-8825-4C33A6F2CFC2}.Debug|iPhone.ActiveCfg = Debug|x86
		{9857D9BA-5701-4DA5-8825-4C33A6F2CFC2}.Debug|iPhoneSimulator.ActiveCfg = Debug|x86
		{9857D9BA-5701-4DA5-8825-4C33A6F2CFC2}.Debug|x64.ActiveCfg = Debug|x64
		{9857D9BA-5701-4DA5-8825-4C33A6F2CFC2}.Debug|x64.Build.0 = Debug|x64
		{9857D9BA-5701-4DA5-8825-4C33A6F2CFC2}.Debug|x64.Deploy.0 = Debug|x64
		{9857D9BA-5701-4DA5-8825-4C33A6F2CFC2}.Debug|x86.ActiveCfg = Debug|x86
		{9857D9BA-5701-4DA5-8825-4C33A6F2CFC2}.Debug|x86.Build.0 = Debug|x86
		{9857D9BA-5701-4DA5-8825-4C33A6F2CFC2}.Debug|x86.Deploy.0 = Debug|x86
		{9857D9BA-5701-4DA5-8825-4C33A6F2CFC2}.Release|Any CPU.ActiveCfg = Release|x86
		{9857D9BA-5701-4DA5-8825-4C33A6F2CFC2}.Release|ARM.ActiveCfg = Release|ARM
		{9857D9BA-5701-4DA5-8825-4C33A6F2CFC2}.Release|ARM.Build.0 = Release|ARM
		{9857D9BA-5701-4DA5-8825-4C33A6F2CFC2}.Release|ARM.Deploy.0 = Release|ARM
		{9857D9BA-5701-4DA5-8825-4C33A6F2CFC2}.Release|ARM64.ActiveCfg = Release|ARM64
		{9857D9BA-5701-4DA5-8825-4C33A6F2CFC2}.Release|ARM64.Build.0 = Release|ARM64
		{9857D9BA-5701-4DA5-8825-4C33A6F2CFC2}.Release|ARM64.Deploy.0 = Release|ARM64
		{9857D9BA-5701-4DA5-8825-4C33A6F2CFC2}.Release|iPhone.ActiveCfg = Release|x86
		{9857D9BA-5701-4DA5-8825-4C33A6F2CFC2}.Release|iPhoneSimulator.ActiveCfg = Release|x86
		{9857D9BA-5701-4DA5-8825-4C33A6F2CFC2}.Release|x64.ActiveCfg = Release|x64
		{9857D9BA-5701-4DA5-8825-4C33A6F2CFC2}.Release|x64.Build.0 = Release|x64
		{9857D9BA-5701-4DA5-8825-4C33A6F2CFC2}.Release|x64.Deploy.0 = Release|x64
		{9857D9BA-5701-4DA5-8825-4C33A6F2CFC2}.Release|x86.ActiveCfg = Release|x86
		{9857D9BA-5701-4DA5-8825-4C33A6F2CFC2}.Release|x86.Build.0 = Release|x86
		{9857D9BA-5701-4DA5-8825-4C33A6F2CFC2}.Release|x86.Deploy.0 = Release|x86
		{A01F3DA4-099B-4796-AA53-59C626A63A3C}.Ad-Hoc|Any CPU.ActiveCfg = Debug|Any CPU
		{A01F3DA4-099B-4796-AA53-59C626A63A3C}.Ad-Hoc|Any CPU.Build.0 = Debug|Any CPU
		{A01F3DA4-099B-4796-AA53-59C626A63A3C}.Ad-Hoc|ARM.ActiveCfg = Debug|Any CPU
		{A01F3DA4-099B-4796-AA53-59C626A63A3C}.Ad-Hoc|ARM.Build.0 = Debug|Any CPU
		{A01F3DA4-099B-4796-AA53-59C626A63A3C}.Ad-Hoc|ARM64.ActiveCfg = Debug|Any CPU
		{A01F3DA4-099B-4796-AA53-59C626A63A3C}.Ad-Hoc|ARM64.Build.0 = Debug|Any CPU
		{A01F3DA4-099B-4796-AA53-59C626A63A3C}.Ad-Hoc|iPhone.ActiveCfg = Debug|Any CPU
		{A01F3DA4-099B-4796-AA53-59C626A63A3C}.Ad-Hoc|iPhone.Build.0 = Debug|Any CPU
		{A01F3DA4-099B-4796-AA53-59C626A63A3C}.Ad-Hoc|iPhoneSimulator.ActiveCfg = Debug|Any CPU
		{A01F3DA4-099B-4796-AA53-59C626A63A3C}.Ad-Hoc|iPhoneSimulator.Build.0 = Debug|Any CPU
		{A01F3DA4-099B-4796-AA53-59C626A63A3C}.Ad-Hoc|x64.ActiveCfg = Debug|Any CPU
		{A01F3DA4-099B-4796-AA53-59C626A63A3C}.Ad-Hoc|x64.Build.0 = Debug|Any CPU
		{A01F3DA4-099B-4796-AA53-59C626A63A3C}.Ad-Hoc|x86.ActiveCfg = Debug|Any CPU
		{A01F3DA4-099B-4796-AA53-59C626A63A3C}.Ad-Hoc|x86.Build.0 = Debug|Any CPU
		{A01F3DA4-099B-4796-AA53-59C626A63A3C}.AppStore|Any CPU.ActiveCfg = Debug|Any CPU
		{A01F3DA4-099B-4796-AA53-59C626A63A3C}.AppStore|Any CPU.Build.0 = Debug|Any CPU
		{A01F3DA4-099B-4796-AA53-59C626A63A3C}.AppStore|ARM.ActiveCfg = Debug|Any CPU
		{A01F3DA4-099B-4796-AA53-59C626A63A3C}.AppStore|ARM.Build.0 = Debug|Any CPU
		{A01F3DA4-099B-4796-AA53-59C626A63A3C}.AppStore|ARM64.ActiveCfg = Debug|Any CPU
		{A01F3DA4-099B-4796-AA53-59C626A63A3C}.AppStore|ARM64.Build.0 = Debug|Any CPU
		{A01F3DA4-099B-4796-AA53-59C626A63A3C}.AppStore|iPhone.ActiveCfg = Debug|Any CPU
		{A01F3DA4-099B-4796-AA53-59C626A63A3C}.AppStore|iPhone.Build.0 = Debug|Any CPU
		{A01F3DA4-099B-4796-AA53-59C626A63A3C}.AppStore|iPhoneSimulator.ActiveCfg = Debug|Any CPU
		{A01F3DA4-099B-4796-AA53-59C626A63A3C}.AppStore|iPhoneSimulator.Build.0 = Debug|Any CPU
		{A01F3DA4-099B-4796-AA53-59C626A63A3C}.AppStore|x64.ActiveCfg = Debug|Any CPU
		{A01F3DA4-099B-4796-AA53-59C626A63A3C}.AppStore|x64.Build.0 = Debug|Any CPU
		{A01F3DA4-099B-4796-AA53-59C626A63A3C}.AppStore|x86.ActiveCfg = Debug|Any CPU
		{A01F3DA4-099B-4796-AA53-59C626A63A3C}.AppStore|x86.Build.0 = Debug|Any CPU
		{A01F3DA4-099B-4796-AA53-59C626A63A3C}.Debug|Any CPU.ActiveCfg = Debug|Any CPU
		{A01F3DA4-099B-4796-AA53-59C626A63A3C}.Debug|Any CPU.Build.0 = Debug|Any CPU
		{A01F3DA4-099B-4796-AA53-59C626A63A3C}.Debug|ARM.ActiveCfg = Debug|Any CPU
		{A01F3DA4-099B-4796-AA53-59C626A63A3C}.Debug|ARM.Build.0 = Debug|Any CPU
		{A01F3DA4-099B-4796-AA53-59C626A63A3C}.Debug|ARM64.ActiveCfg = Debug|Any CPU
		{A01F3DA4-099B-4796-AA53-59C626A63A3C}.Debug|ARM64.Build.0 = Debug|Any CPU
		{A01F3DA4-099B-4796-AA53-59C626A63A3C}.Debug|iPhone.ActiveCfg = Debug|Any CPU
		{A01F3DA4-099B-4796-AA53-59C626A63A3C}.Debug|iPhone.Build.0 = Debug|Any CPU
		{A01F3DA4-099B-4796-AA53-59C626A63A3C}.Debug|iPhoneSimulator.ActiveCfg = Debug|Any CPU
		{A01F3DA4-099B-4796-AA53-59C626A63A3C}.Debug|iPhoneSimulator.Build.0 = Debug|Any CPU
		{A01F3DA4-099B-4796-AA53-59C626A63A3C}.Debug|x64.ActiveCfg = Debug|Any CPU
		{A01F3DA4-099B-4796-AA53-59C626A63A3C}.Debug|x64.Build.0 = Debug|Any CPU
		{A01F3DA4-099B-4796-AA53-59C626A63A3C}.Debug|x86.ActiveCfg = Debug|Any CPU
		{A01F3DA4-099B-4796-AA53-59C626A63A3C}.Debug|x86.Build.0 = Debug|Any CPU
		{A01F3DA4-099B-4796-AA53-59C626A63A3C}.Release|Any CPU.ActiveCfg = Release|Any CPU
		{A01F3DA4-099B-4796-AA53-59C626A63A3C}.Release|Any CPU.Build.0 = Release|Any CPU
		{A01F3DA4-099B-4796-AA53-59C626A63A3C}.Release|ARM.ActiveCfg = Release|Any CPU
		{A01F3DA4-099B-4796-AA53-59C626A63A3C}.Release|ARM.Build.0 = Release|Any CPU
		{A01F3DA4-099B-4796-AA53-59C626A63A3C}.Release|ARM64.ActiveCfg = Release|Any CPU
		{A01F3DA4-099B-4796-AA53-59C626A63A3C}.Release|ARM64.Build.0 = Release|Any CPU
		{A01F3DA4-099B-4796-AA53-59C626A63A3C}.Release|iPhone.ActiveCfg = Release|Any CPU
		{A01F3DA4-099B-4796-AA53-59C626A63A3C}.Release|iPhone.Build.0 = Release|Any CPU
		{A01F3DA4-099B-4796-AA53-59C626A63A3C}.Release|iPhoneSimulator.ActiveCfg = Release|Any CPU
		{A01F3DA4-099B-4796-AA53-59C626A63A3C}.Release|iPhoneSimulator.Build.0 = Release|Any CPU
		{A01F3DA4-099B-4796-AA53-59C626A63A3C}.Release|x64.ActiveCfg = Release|Any CPU
		{A01F3DA4-099B-4796-AA53-59C626A63A3C}.Release|x64.Build.0 = Release|Any CPU
		{A01F3DA4-099B-4796-AA53-59C626A63A3C}.Release|x86.ActiveCfg = Release|Any CPU
		{A01F3DA4-099B-4796-AA53-59C626A63A3C}.Release|x86.Build.0 = Release|Any CPU
		{CD61E13D-77A1-44C7-BD8C-4878283E5421}.Ad-Hoc|Any CPU.ActiveCfg = Debug|iPhoneSimulator
		{CD61E13D-77A1-44C7-BD8C-4878283E5421}.Ad-Hoc|Any CPU.Build.0 = Debug|iPhoneSimulator
		{CD61E13D-77A1-44C7-BD8C-4878283E5421}.Ad-Hoc|ARM.ActiveCfg = Debug|iPhoneSimulator
		{CD61E13D-77A1-44C7-BD8C-4878283E5421}.Ad-Hoc|ARM.Build.0 = Debug|iPhoneSimulator
		{CD61E13D-77A1-44C7-BD8C-4878283E5421}.Ad-Hoc|ARM64.ActiveCfg = Debug|iPhoneSimulator
		{CD61E13D-77A1-44C7-BD8C-4878283E5421}.Ad-Hoc|ARM64.Build.0 = Debug|iPhoneSimulator
		{CD61E13D-77A1-44C7-BD8C-4878283E5421}.Ad-Hoc|iPhone.ActiveCfg = Debug|iPhoneSimulator
		{CD61E13D-77A1-44C7-BD8C-4878283E5421}.Ad-Hoc|iPhone.Build.0 = Debug|iPhoneSimulator
		{CD61E13D-77A1-44C7-BD8C-4878283E5421}.Ad-Hoc|iPhoneSimulator.ActiveCfg = Debug|iPhoneSimulator
		{CD61E13D-77A1-44C7-BD8C-4878283E5421}.Ad-Hoc|iPhoneSimulator.Build.0 = Debug|iPhoneSimulator
		{CD61E13D-77A1-44C7-BD8C-4878283E5421}.Ad-Hoc|x64.ActiveCfg = Debug|iPhoneSimulator
		{CD61E13D-77A1-44C7-BD8C-4878283E5421}.Ad-Hoc|x64.Build.0 = Debug|iPhoneSimulator
		{CD61E13D-77A1-44C7-BD8C-4878283E5421}.Ad-Hoc|x86.ActiveCfg = Debug|iPhoneSimulator
		{CD61E13D-77A1-44C7-BD8C-4878283E5421}.Ad-Hoc|x86.Build.0 = Debug|iPhoneSimulator
		{CD61E13D-77A1-44C7-BD8C-4878283E5421}.AppStore|Any CPU.ActiveCfg = Debug|iPhoneSimulator
		{CD61E13D-77A1-44C7-BD8C-4878283E5421}.AppStore|Any CPU.Build.0 = Debug|iPhoneSimulator
		{CD61E13D-77A1-44C7-BD8C-4878283E5421}.AppStore|ARM.ActiveCfg = Debug|iPhoneSimulator
		{CD61E13D-77A1-44C7-BD8C-4878283E5421}.AppStore|ARM.Build.0 = Debug|iPhoneSimulator
		{CD61E13D-77A1-44C7-BD8C-4878283E5421}.AppStore|ARM64.ActiveCfg = Debug|iPhoneSimulator
		{CD61E13D-77A1-44C7-BD8C-4878283E5421}.AppStore|ARM64.Build.0 = Debug|iPhoneSimulator
		{CD61E13D-77A1-44C7-BD8C-4878283E5421}.AppStore|iPhone.ActiveCfg = Debug|iPhoneSimulator
		{CD61E13D-77A1-44C7-BD8C-4878283E5421}.AppStore|iPhone.Build.0 = Debug|iPhoneSimulator
		{CD61E13D-77A1-44C7-BD8C-4878283E5421}.AppStore|iPhoneSimulator.ActiveCfg = Debug|iPhoneSimulator
		{CD61E13D-77A1-44C7-BD8C-4878283E5421}.AppStore|iPhoneSimulator.Build.0 = Debug|iPhoneSimulator
		{CD61E13D-77A1-44C7-BD8C-4878283E5421}.AppStore|x64.ActiveCfg = Debug|iPhoneSimulator
		{CD61E13D-77A1-44C7-BD8C-4878283E5421}.AppStore|x64.Build.0 = Debug|iPhoneSimulator
		{CD61E13D-77A1-44C7-BD8C-4878283E5421}.AppStore|x86.ActiveCfg = Debug|iPhoneSimulator
		{CD61E13D-77A1-44C7-BD8C-4878283E5421}.AppStore|x86.Build.0 = Debug|iPhoneSimulator
		{CD61E13D-77A1-44C7-BD8C-4878283E5421}.Debug|Any CPU.ActiveCfg = Debug|iPhoneSimulator
		{CD61E13D-77A1-44C7-BD8C-4878283E5421}.Debug|ARM.ActiveCfg = Debug|iPhoneSimulator
		{CD61E13D-77A1-44C7-BD8C-4878283E5421}.Debug|ARM64.ActiveCfg = Debug|iPhoneSimulator
		{CD61E13D-77A1-44C7-BD8C-4878283E5421}.Debug|iPhone.ActiveCfg = Debug|iPhoneSimulator
		{CD61E13D-77A1-44C7-BD8C-4878283E5421}.Debug|iPhoneSimulator.ActiveCfg = Debug|iPhoneSimulator
		{CD61E13D-77A1-44C7-BD8C-4878283E5421}.Debug|iPhoneSimulator.Build.0 = Debug|iPhoneSimulator
		{CD61E13D-77A1-44C7-BD8C-4878283E5421}.Debug|x64.ActiveCfg = Debug|iPhoneSimulator
		{CD61E13D-77A1-44C7-BD8C-4878283E5421}.Debug|x86.ActiveCfg = Debug|iPhoneSimulator
		{CD61E13D-77A1-44C7-BD8C-4878283E5421}.Release|Any CPU.ActiveCfg = Release|iPhoneSimulator
		{CD61E13D-77A1-44C7-BD8C-4878283E5421}.Release|ARM.ActiveCfg = Release|iPhoneSimulator
		{CD61E13D-77A1-44C7-BD8C-4878283E5421}.Release|ARM64.ActiveCfg = Release|iPhoneSimulator
		{CD61E13D-77A1-44C7-BD8C-4878283E5421}.Release|iPhone.ActiveCfg = Release|iPhoneSimulator
		{CD61E13D-77A1-44C7-BD8C-4878283E5421}.Release|iPhoneSimulator.ActiveCfg = Release|iPhoneSimulator
		{CD61E13D-77A1-44C7-BD8C-4878283E5421}.Release|iPhoneSimulator.Build.0 = Release|iPhoneSimulator
		{CD61E13D-77A1-44C7-BD8C-4878283E5421}.Release|x64.ActiveCfg = Release|iPhoneSimulator
		{CD61E13D-77A1-44C7-BD8C-4878283E5421}.Release|x86.ActiveCfg = Release|iPhoneSimulator
		{3A4D56CF-ED59-4AA7-8148-58530DCBCF88}.Ad-Hoc|Any CPU.ActiveCfg = Debug|Any CPU
		{3A4D56CF-ED59-4AA7-8148-58530DCBCF88}.Ad-Hoc|Any CPU.Build.0 = Debug|Any CPU
		{3A4D56CF-ED59-4AA7-8148-58530DCBCF88}.Ad-Hoc|ARM.ActiveCfg = Debug|Any CPU
		{3A4D56CF-ED59-4AA7-8148-58530DCBCF88}.Ad-Hoc|ARM.Build.0 = Debug|Any CPU
		{3A4D56CF-ED59-4AA7-8148-58530DCBCF88}.Ad-Hoc|ARM64.ActiveCfg = Debug|Any CPU
		{3A4D56CF-ED59-4AA7-8148-58530DCBCF88}.Ad-Hoc|ARM64.Build.0 = Debug|Any CPU
		{3A4D56CF-ED59-4AA7-8148-58530DCBCF88}.Ad-Hoc|iPhone.ActiveCfg = Debug|Any CPU
		{3A4D56CF-ED59-4AA7-8148-58530DCBCF88}.Ad-Hoc|iPhone.Build.0 = Debug|Any CPU
		{3A4D56CF-ED59-4AA7-8148-58530DCBCF88}.Ad-Hoc|iPhoneSimulator.ActiveCfg = Debug|Any CPU
		{3A4D56CF-ED59-4AA7-8148-58530DCBCF88}.Ad-Hoc|iPhoneSimulator.Build.0 = Debug|Any CPU
		{3A4D56CF-ED59-4AA7-8148-58530DCBCF88}.Ad-Hoc|x64.ActiveCfg = Debug|Any CPU
		{3A4D56CF-ED59-4AA7-8148-58530DCBCF88}.Ad-Hoc|x64.Build.0 = Debug|Any CPU
		{3A4D56CF-ED59-4AA7-8148-58530DCBCF88}.Ad-Hoc|x86.ActiveCfg = Debug|Any CPU
		{3A4D56CF-ED59-4AA7-8148-58530DCBCF88}.Ad-Hoc|x86.Build.0 = Debug|Any CPU
		{3A4D56CF-ED59-4AA7-8148-58530DCBCF88}.AppStore|Any CPU.ActiveCfg = Debug|Any CPU
		{3A4D56CF-ED59-4AA7-8148-58530DCBCF88}.AppStore|Any CPU.Build.0 = Debug|Any CPU
		{3A4D56CF-ED59-4AA7-8148-58530DCBCF88}.AppStore|ARM.ActiveCfg = Debug|Any CPU
		{3A4D56CF-ED59-4AA7-8148-58530DCBCF88}.AppStore|ARM.Build.0 = Debug|Any CPU
		{3A4D56CF-ED59-4AA7-8148-58530DCBCF88}.AppStore|ARM64.ActiveCfg = Debug|Any CPU
		{3A4D56CF-ED59-4AA7-8148-58530DCBCF88}.AppStore|ARM64.Build.0 = Debug|Any CPU
		{3A4D56CF-ED59-4AA7-8148-58530DCBCF88}.AppStore|iPhone.ActiveCfg = Debug|Any CPU
		{3A4D56CF-ED59-4AA7-8148-58530DCBCF88}.AppStore|iPhone.Build.0 = Debug|Any CPU
		{3A4D56CF-ED59-4AA7-8148-58530DCBCF88}.AppStore|iPhoneSimulator.ActiveCfg = Debug|Any CPU
		{3A4D56CF-ED59-4AA7-8148-58530DCBCF88}.AppStore|iPhoneSimulator.Build.0 = Debug|Any CPU
		{3A4D56CF-ED59-4AA7-8148-58530DCBCF88}.AppStore|x64.ActiveCfg = Debug|Any CPU
		{3A4D56CF-ED59-4AA7-8148-58530DCBCF88}.AppStore|x64.Build.0 = Debug|Any CPU
		{3A4D56CF-ED59-4AA7-8148-58530DCBCF88}.AppStore|x86.ActiveCfg = Debug|Any CPU
		{3A4D56CF-ED59-4AA7-8148-58530DCBCF88}.AppStore|x86.Build.0 = Debug|Any CPU
		{3A4D56CF-ED59-4AA7-8148-58530DCBCF88}.Debug|Any CPU.ActiveCfg = Debug|Any CPU
		{3A4D56CF-ED59-4AA7-8148-58530DCBCF88}.Debug|Any CPU.Build.0 = Debug|Any CPU
		{3A4D56CF-ED59-4AA7-8148-58530DCBCF88}.Debug|ARM.ActiveCfg = Debug|Any CPU
		{3A4D56CF-ED59-4AA7-8148-58530DCBCF88}.Debug|ARM.Build.0 = Debug|Any CPU
		{3A4D56CF-ED59-4AA7-8148-58530DCBCF88}.Debug|ARM64.ActiveCfg = Debug|Any CPU
		{3A4D56CF-ED59-4AA7-8148-58530DCBCF88}.Debug|ARM64.Build.0 = Debug|Any CPU
		{3A4D56CF-ED59-4AA7-8148-58530DCBCF88}.Debug|iPhone.ActiveCfg = Debug|Any CPU
		{3A4D56CF-ED59-4AA7-8148-58530DCBCF88}.Debug|iPhone.Build.0 = Debug|Any CPU
		{3A4D56CF-ED59-4AA7-8148-58530DCBCF88}.Debug|iPhoneSimulator.ActiveCfg = Debug|Any CPU
		{3A4D56CF-ED59-4AA7-8148-58530DCBCF88}.Debug|iPhoneSimulator.Build.0 = Debug|Any CPU
		{3A4D56CF-ED59-4AA7-8148-58530DCBCF88}.Debug|x64.ActiveCfg = Debug|Any CPU
		{3A4D56CF-ED59-4AA7-8148-58530DCBCF88}.Debug|x64.Build.0 = Debug|Any CPU
		{3A4D56CF-ED59-4AA7-8148-58530DCBCF88}.Debug|x86.ActiveCfg = Debug|Any CPU
		{3A4D56CF-ED59-4AA7-8148-58530DCBCF88}.Debug|x86.Build.0 = Debug|Any CPU
		{3A4D56CF-ED59-4AA7-8148-58530DCBCF88}.Release|Any CPU.ActiveCfg = Release|Any CPU
		{3A4D56CF-ED59-4AA7-8148-58530DCBCF88}.Release|Any CPU.Build.0 = Release|Any CPU
		{3A4D56CF-ED59-4AA7-8148-58530DCBCF88}.Release|ARM.ActiveCfg = Release|Any CPU
		{3A4D56CF-ED59-4AA7-8148-58530DCBCF88}.Release|ARM.Build.0 = Release|Any CPU
		{3A4D56CF-ED59-4AA7-8148-58530DCBCF88}.Release|ARM64.ActiveCfg = Release|Any CPU
		{3A4D56CF-ED59-4AA7-8148-58530DCBCF88}.Release|ARM64.Build.0 = Release|Any CPU
		{3A4D56CF-ED59-4AA7-8148-58530DCBCF88}.Release|iPhone.ActiveCfg = Release|Any CPU
		{3A4D56CF-ED59-4AA7-8148-58530DCBCF88}.Release|iPhone.Build.0 = Release|Any CPU
		{3A4D56CF-ED59-4AA7-8148-58530DCBCF88}.Release|iPhoneSimulator.ActiveCfg = Release|Any CPU
		{3A4D56CF-ED59-4AA7-8148-58530DCBCF88}.Release|iPhoneSimulator.Build.0 = Release|Any CPU
		{3A4D56CF-ED59-4AA7-8148-58530DCBCF88}.Release|x64.ActiveCfg = Release|Any CPU
		{3A4D56CF-ED59-4AA7-8148-58530DCBCF88}.Release|x64.Build.0 = Release|Any CPU
		{3A4D56CF-ED59-4AA7-8148-58530DCBCF88}.Release|x86.ActiveCfg = Release|Any CPU
		{3A4D56CF-ED59-4AA7-8148-58530DCBCF88}.Release|x86.Build.0 = Release|Any CPU
		{2AA4CCA9-D9B5-4719-A162-4C6CED964F87}.Ad-Hoc|Any CPU.ActiveCfg = Debug|Any CPU
		{2AA4CCA9-D9B5-4719-A162-4C6CED964F87}.Ad-Hoc|Any CPU.Build.0 = Debug|Any CPU
		{2AA4CCA9-D9B5-4719-A162-4C6CED964F87}.Ad-Hoc|ARM.ActiveCfg = Debug|Any CPU
		{2AA4CCA9-D9B5-4719-A162-4C6CED964F87}.Ad-Hoc|ARM.Build.0 = Debug|Any CPU
		{2AA4CCA9-D9B5-4719-A162-4C6CED964F87}.Ad-Hoc|ARM64.ActiveCfg = Debug|Any CPU
		{2AA4CCA9-D9B5-4719-A162-4C6CED964F87}.Ad-Hoc|ARM64.Build.0 = Debug|Any CPU
		{2AA4CCA9-D9B5-4719-A162-4C6CED964F87}.Ad-Hoc|iPhone.ActiveCfg = Debug|Any CPU
		{2AA4CCA9-D9B5-4719-A162-4C6CED964F87}.Ad-Hoc|iPhone.Build.0 = Debug|Any CPU
		{2AA4CCA9-D9B5-4719-A162-4C6CED964F87}.Ad-Hoc|iPhoneSimulator.ActiveCfg = Debug|Any CPU
		{2AA4CCA9-D9B5-4719-A162-4C6CED964F87}.Ad-Hoc|iPhoneSimulator.Build.0 = Debug|Any CPU
		{2AA4CCA9-D9B5-4719-A162-4C6CED964F87}.Ad-Hoc|x64.ActiveCfg = Debug|Any CPU
		{2AA4CCA9-D9B5-4719-A162-4C6CED964F87}.Ad-Hoc|x64.Build.0 = Debug|Any CPU
		{2AA4CCA9-D9B5-4719-A162-4C6CED964F87}.Ad-Hoc|x86.ActiveCfg = Debug|Any CPU
		{2AA4CCA9-D9B5-4719-A162-4C6CED964F87}.Ad-Hoc|x86.Build.0 = Debug|Any CPU
		{2AA4CCA9-D9B5-4719-A162-4C6CED964F87}.AppStore|Any CPU.ActiveCfg = Debug|Any CPU
		{2AA4CCA9-D9B5-4719-A162-4C6CED964F87}.AppStore|Any CPU.Build.0 = Debug|Any CPU
		{2AA4CCA9-D9B5-4719-A162-4C6CED964F87}.AppStore|ARM.ActiveCfg = Debug|Any CPU
		{2AA4CCA9-D9B5-4719-A162-4C6CED964F87}.AppStore|ARM.Build.0 = Debug|Any CPU
		{2AA4CCA9-D9B5-4719-A162-4C6CED964F87}.AppStore|ARM64.ActiveCfg = Debug|Any CPU
		{2AA4CCA9-D9B5-4719-A162-4C6CED964F87}.AppStore|ARM64.Build.0 = Debug|Any CPU
		{2AA4CCA9-D9B5-4719-A162-4C6CED964F87}.AppStore|iPhone.ActiveCfg = Debug|Any CPU
		{2AA4CCA9-D9B5-4719-A162-4C6CED964F87}.AppStore|iPhone.Build.0 = Debug|Any CPU
		{2AA4CCA9-D9B5-4719-A162-4C6CED964F87}.AppStore|iPhoneSimulator.ActiveCfg = Debug|Any CPU
		{2AA4CCA9-D9B5-4719-A162-4C6CED964F87}.AppStore|iPhoneSimulator.Build.0 = Debug|Any CPU
		{2AA4CCA9-D9B5-4719-A162-4C6CED964F87}.AppStore|x64.ActiveCfg = Debug|Any CPU
		{2AA4CCA9-D9B5-4719-A162-4C6CED964F87}.AppStore|x64.Build.0 = Debug|Any CPU
		{2AA4CCA9-D9B5-4719-A162-4C6CED964F87}.AppStore|x86.ActiveCfg = Debug|Any CPU
		{2AA4CCA9-D9B5-4719-A162-4C6CED964F87}.AppStore|x86.Build.0 = Debug|Any CPU
		{2AA4CCA9-D9B5-4719-A162-4C6CED964F87}.Debug|Any CPU.ActiveCfg = Debug|Any CPU
		{2AA4CCA9-D9B5-4719-A162-4C6CED964F87}.Debug|Any CPU.Build.0 = Debug|Any CPU
		{2AA4CCA9-D9B5-4719-A162-4C6CED964F87}.Debug|ARM.ActiveCfg = Debug|Any CPU
		{2AA4CCA9-D9B5-4719-A162-4C6CED964F87}.Debug|ARM.Build.0 = Debug|Any CPU
		{2AA4CCA9-D9B5-4719-A162-4C6CED964F87}.Debug|ARM64.ActiveCfg = Debug|Any CPU
		{2AA4CCA9-D9B5-4719-A162-4C6CED964F87}.Debug|ARM64.Build.0 = Debug|Any CPU
		{2AA4CCA9-D9B5-4719-A162-4C6CED964F87}.Debug|iPhone.ActiveCfg = Debug|Any CPU
		{2AA4CCA9-D9B5-4719-A162-4C6CED964F87}.Debug|iPhone.Build.0 = Debug|Any CPU
		{2AA4CCA9-D9B5-4719-A162-4C6CED964F87}.Debug|iPhoneSimulator.ActiveCfg = Debug|Any CPU
		{2AA4CCA9-D9B5-4719-A162-4C6CED964F87}.Debug|iPhoneSimulator.Build.0 = Debug|Any CPU
		{2AA4CCA9-D9B5-4719-A162-4C6CED964F87}.Debug|x64.ActiveCfg = Debug|Any CPU
		{2AA4CCA9-D9B5-4719-A162-4C6CED964F87}.Debug|x64.Build.0 = Debug|Any CPU
		{2AA4CCA9-D9B5-4719-A162-4C6CED964F87}.Debug|x86.ActiveCfg = Debug|Any CPU
		{2AA4CCA9-D9B5-4719-A162-4C6CED964F87}.Debug|x86.Build.0 = Debug|Any CPU
		{2AA4CCA9-D9B5-4719-A162-4C6CED964F87}.Release|Any CPU.ActiveCfg = Release|Any CPU
		{2AA4CCA9-D9B5-4719-A162-4C6CED964F87}.Release|Any CPU.Build.0 = Release|Any CPU
		{2AA4CCA9-D9B5-4719-A162-4C6CED964F87}.Release|ARM.ActiveCfg = Release|Any CPU
		{2AA4CCA9-D9B5-4719-A162-4C6CED964F87}.Release|ARM.Build.0 = Release|Any CPU
		{2AA4CCA9-D9B5-4719-A162-4C6CED964F87}.Release|ARM64.ActiveCfg = Release|Any CPU
		{2AA4CCA9-D9B5-4719-A162-4C6CED964F87}.Release|ARM64.Build.0 = Release|Any CPU
		{2AA4CCA9-D9B5-4719-A162-4C6CED964F87}.Release|iPhone.ActiveCfg = Release|Any CPU
		{2AA4CCA9-D9B5-4719-A162-4C6CED964F87}.Release|iPhone.Build.0 = Release|Any CPU
		{2AA4CCA9-D9B5-4719-A162-4C6CED964F87}.Release|iPhoneSimulator.ActiveCfg = Release|Any CPU
		{2AA4CCA9-D9B5-4719-A162-4C6CED964F87}.Release|iPhoneSimulator.Build.0 = Release|Any CPU
		{2AA4CCA9-D9B5-4719-A162-4C6CED964F87}.Release|x64.ActiveCfg = Release|Any CPU
		{2AA4CCA9-D9B5-4719-A162-4C6CED964F87}.Release|x64.Build.0 = Release|Any CPU
		{2AA4CCA9-D9B5-4719-A162-4C6CED964F87}.Release|x86.ActiveCfg = Release|Any CPU
		{2AA4CCA9-D9B5-4719-A162-4C6CED964F87}.Release|x86.Build.0 = Release|Any CPU
		{B611C2C7-98F3-4400-B776-0AD2A54CBB8B}.Ad-Hoc|Any CPU.ActiveCfg = Debug|Any CPU
		{B611C2C7-98F3-4400-B776-0AD2A54CBB8B}.Ad-Hoc|Any CPU.Build.0 = Debug|Any CPU
		{B611C2C7-98F3-4400-B776-0AD2A54CBB8B}.Ad-Hoc|ARM.ActiveCfg = Debug|Any CPU
		{B611C2C7-98F3-4400-B776-0AD2A54CBB8B}.Ad-Hoc|ARM.Build.0 = Debug|Any CPU
		{B611C2C7-98F3-4400-B776-0AD2A54CBB8B}.Ad-Hoc|ARM64.ActiveCfg = Debug|Any CPU
		{B611C2C7-98F3-4400-B776-0AD2A54CBB8B}.Ad-Hoc|ARM64.Build.0 = Debug|Any CPU
		{B611C2C7-98F3-4400-B776-0AD2A54CBB8B}.Ad-Hoc|iPhone.ActiveCfg = Debug|Any CPU
		{B611C2C7-98F3-4400-B776-0AD2A54CBB8B}.Ad-Hoc|iPhone.Build.0 = Debug|Any CPU
		{B611C2C7-98F3-4400-B776-0AD2A54CBB8B}.Ad-Hoc|iPhoneSimulator.ActiveCfg = Debug|Any CPU
		{B611C2C7-98F3-4400-B776-0AD2A54CBB8B}.Ad-Hoc|iPhoneSimulator.Build.0 = Debug|Any CPU
		{B611C2C7-98F3-4400-B776-0AD2A54CBB8B}.Ad-Hoc|x64.ActiveCfg = Debug|Any CPU
		{B611C2C7-98F3-4400-B776-0AD2A54CBB8B}.Ad-Hoc|x64.Build.0 = Debug|Any CPU
		{B611C2C7-98F3-4400-B776-0AD2A54CBB8B}.Ad-Hoc|x86.ActiveCfg = Debug|Any CPU
		{B611C2C7-98F3-4400-B776-0AD2A54CBB8B}.Ad-Hoc|x86.Build.0 = Debug|Any CPU
		{B611C2C7-98F3-4400-B776-0AD2A54CBB8B}.AppStore|Any CPU.ActiveCfg = Debug|Any CPU
		{B611C2C7-98F3-4400-B776-0AD2A54CBB8B}.AppStore|Any CPU.Build.0 = Debug|Any CPU
		{B611C2C7-98F3-4400-B776-0AD2A54CBB8B}.AppStore|ARM.ActiveCfg = Debug|Any CPU
		{B611C2C7-98F3-4400-B776-0AD2A54CBB8B}.AppStore|ARM.Build.0 = Debug|Any CPU
		{B611C2C7-98F3-4400-B776-0AD2A54CBB8B}.AppStore|ARM64.ActiveCfg = Debug|Any CPU
		{B611C2C7-98F3-4400-B776-0AD2A54CBB8B}.AppStore|ARM64.Build.0 = Debug|Any CPU
		{B611C2C7-98F3-4400-B776-0AD2A54CBB8B}.AppStore|iPhone.ActiveCfg = Debug|Any CPU
		{B611C2C7-98F3-4400-B776-0AD2A54CBB8B}.AppStore|iPhone.Build.0 = Debug|Any CPU
		{B611C2C7-98F3-4400-B776-0AD2A54CBB8B}.AppStore|iPhoneSimulator.ActiveCfg = Debug|Any CPU
		{B611C2C7-98F3-4400-B776-0AD2A54CBB8B}.AppStore|iPhoneSimulator.Build.0 = Debug|Any CPU
		{B611C2C7-98F3-4400-B776-0AD2A54CBB8B}.AppStore|x64.ActiveCfg = Debug|Any CPU
		{B611C2C7-98F3-4400-B776-0AD2A54CBB8B}.AppStore|x64.Build.0 = Debug|Any CPU
		{B611C2C7-98F3-4400-B776-0AD2A54CBB8B}.AppStore|x86.ActiveCfg = Debug|Any CPU
		{B611C2C7-98F3-4400-B776-0AD2A54CBB8B}.AppStore|x86.Build.0 = Debug|Any CPU
		{B611C2C7-98F3-4400-B776-0AD2A54CBB8B}.Debug|Any CPU.ActiveCfg = Debug|Any CPU
		{B611C2C7-98F3-4400-B776-0AD2A54CBB8B}.Debug|Any CPU.Build.0 = Debug|Any CPU
		{B611C2C7-98F3-4400-B776-0AD2A54CBB8B}.Debug|ARM.ActiveCfg = Debug|Any CPU
		{B611C2C7-98F3-4400-B776-0AD2A54CBB8B}.Debug|ARM.Build.0 = Debug|Any CPU
		{B611C2C7-98F3-4400-B776-0AD2A54CBB8B}.Debug|ARM64.ActiveCfg = Debug|Any CPU
		{B611C2C7-98F3-4400-B776-0AD2A54CBB8B}.Debug|ARM64.Build.0 = Debug|Any CPU
		{B611C2C7-98F3-4400-B776-0AD2A54CBB8B}.Debug|iPhone.ActiveCfg = Debug|Any CPU
		{B611C2C7-98F3-4400-B776-0AD2A54CBB8B}.Debug|iPhone.Build.0 = Debug|Any CPU
		{B611C2C7-98F3-4400-B776-0AD2A54CBB8B}.Debug|iPhoneSimulator.ActiveCfg = Debug|Any CPU
		{B611C2C7-98F3-4400-B776-0AD2A54CBB8B}.Debug|iPhoneSimulator.Build.0 = Debug|Any CPU
		{B611C2C7-98F3-4400-B776-0AD2A54CBB8B}.Debug|x64.ActiveCfg = Debug|Any CPU
		{B611C2C7-98F3-4400-B776-0AD2A54CBB8B}.Debug|x64.Build.0 = Debug|Any CPU
		{B611C2C7-98F3-4400-B776-0AD2A54CBB8B}.Debug|x86.ActiveCfg = Debug|Any CPU
		{B611C2C7-98F3-4400-B776-0AD2A54CBB8B}.Debug|x86.Build.0 = Debug|Any CPU
		{B611C2C7-98F3-4400-B776-0AD2A54CBB8B}.Release|Any CPU.ActiveCfg = Release|Any CPU
		{B611C2C7-98F3-4400-B776-0AD2A54CBB8B}.Release|Any CPU.Build.0 = Release|Any CPU
		{B611C2C7-98F3-4400-B776-0AD2A54CBB8B}.Release|ARM.ActiveCfg = Release|Any CPU
		{B611C2C7-98F3-4400-B776-0AD2A54CBB8B}.Release|ARM.Build.0 = Release|Any CPU
		{B611C2C7-98F3-4400-B776-0AD2A54CBB8B}.Release|ARM64.ActiveCfg = Release|Any CPU
		{B611C2C7-98F3-4400-B776-0AD2A54CBB8B}.Release|ARM64.Build.0 = Release|Any CPU
		{B611C2C7-98F3-4400-B776-0AD2A54CBB8B}.Release|iPhone.ActiveCfg = Release|Any CPU
		{B611C2C7-98F3-4400-B776-0AD2A54CBB8B}.Release|iPhone.Build.0 = Release|Any CPU
		{B611C2C7-98F3-4400-B776-0AD2A54CBB8B}.Release|iPhoneSimulator.ActiveCfg = Release|Any CPU
		{B611C2C7-98F3-4400-B776-0AD2A54CBB8B}.Release|iPhoneSimulator.Build.0 = Release|Any CPU
		{B611C2C7-98F3-4400-B776-0AD2A54CBB8B}.Release|x64.ActiveCfg = Release|Any CPU
		{B611C2C7-98F3-4400-B776-0AD2A54CBB8B}.Release|x64.Build.0 = Release|Any CPU
		{B611C2C7-98F3-4400-B776-0AD2A54CBB8B}.Release|x86.ActiveCfg = Release|Any CPU
		{B611C2C7-98F3-4400-B776-0AD2A54CBB8B}.Release|x86.Build.0 = Release|Any CPU
		{915357B1-E12F-4531-8CFB-907FD348548D}.Ad-Hoc|Any CPU.ActiveCfg = Debug|Any CPU
		{915357B1-E12F-4531-8CFB-907FD348548D}.Ad-Hoc|Any CPU.Build.0 = Debug|Any CPU
		{915357B1-E12F-4531-8CFB-907FD348548D}.Ad-Hoc|ARM.ActiveCfg = Debug|Any CPU
		{915357B1-E12F-4531-8CFB-907FD348548D}.Ad-Hoc|ARM.Build.0 = Debug|Any CPU
		{915357B1-E12F-4531-8CFB-907FD348548D}.Ad-Hoc|ARM64.ActiveCfg = Debug|Any CPU
		{915357B1-E12F-4531-8CFB-907FD348548D}.Ad-Hoc|ARM64.Build.0 = Debug|Any CPU
		{915357B1-E12F-4531-8CFB-907FD348548D}.Ad-Hoc|iPhone.ActiveCfg = Debug|Any CPU
		{915357B1-E12F-4531-8CFB-907FD348548D}.Ad-Hoc|iPhone.Build.0 = Debug|Any CPU
		{915357B1-E12F-4531-8CFB-907FD348548D}.Ad-Hoc|iPhoneSimulator.ActiveCfg = Debug|Any CPU
		{915357B1-E12F-4531-8CFB-907FD348548D}.Ad-Hoc|iPhoneSimulator.Build.0 = Debug|Any CPU
		{915357B1-E12F-4531-8CFB-907FD348548D}.Ad-Hoc|x64.ActiveCfg = Debug|Any CPU
		{915357B1-E12F-4531-8CFB-907FD348548D}.Ad-Hoc|x64.Build.0 = Debug|Any CPU
		{915357B1-E12F-4531-8CFB-907FD348548D}.Ad-Hoc|x86.ActiveCfg = Debug|Any CPU
		{915357B1-E12F-4531-8CFB-907FD348548D}.Ad-Hoc|x86.Build.0 = Debug|Any CPU
		{915357B1-E12F-4531-8CFB-907FD348548D}.AppStore|Any CPU.ActiveCfg = Debug|Any CPU
		{915357B1-E12F-4531-8CFB-907FD348548D}.AppStore|Any CPU.Build.0 = Debug|Any CPU
		{915357B1-E12F-4531-8CFB-907FD348548D}.AppStore|ARM.ActiveCfg = Debug|Any CPU
		{915357B1-E12F-4531-8CFB-907FD348548D}.AppStore|ARM.Build.0 = Debug|Any CPU
		{915357B1-E12F-4531-8CFB-907FD348548D}.AppStore|ARM64.ActiveCfg = Debug|Any CPU
		{915357B1-E12F-4531-8CFB-907FD348548D}.AppStore|ARM64.Build.0 = Debug|Any CPU
		{915357B1-E12F-4531-8CFB-907FD348548D}.AppStore|iPhone.ActiveCfg = Debug|Any CPU
		{915357B1-E12F-4531-8CFB-907FD348548D}.AppStore|iPhone.Build.0 = Debug|Any CPU
		{915357B1-E12F-4531-8CFB-907FD348548D}.AppStore|iPhoneSimulator.ActiveCfg = Debug|Any CPU
		{915357B1-E12F-4531-8CFB-907FD348548D}.AppStore|iPhoneSimulator.Build.0 = Debug|Any CPU
		{915357B1-E12F-4531-8CFB-907FD348548D}.AppStore|x64.ActiveCfg = Debug|Any CPU
		{915357B1-E12F-4531-8CFB-907FD348548D}.AppStore|x64.Build.0 = Debug|Any CPU
		{915357B1-E12F-4531-8CFB-907FD348548D}.AppStore|x86.ActiveCfg = Debug|Any CPU
		{915357B1-E12F-4531-8CFB-907FD348548D}.AppStore|x86.Build.0 = Debug|Any CPU
		{915357B1-E12F-4531-8CFB-907FD348548D}.Debug|Any CPU.ActiveCfg = Debug|Any CPU
		{915357B1-E12F-4531-8CFB-907FD348548D}.Debug|Any CPU.Build.0 = Debug|Any CPU
		{915357B1-E12F-4531-8CFB-907FD348548D}.Debug|ARM.ActiveCfg = Debug|Any CPU
		{915357B1-E12F-4531-8CFB-907FD348548D}.Debug|ARM.Build.0 = Debug|Any CPU
		{915357B1-E12F-4531-8CFB-907FD348548D}.Debug|ARM64.ActiveCfg = Debug|Any CPU
		{915357B1-E12F-4531-8CFB-907FD348548D}.Debug|ARM64.Build.0 = Debug|Any CPU
		{915357B1-E12F-4531-8CFB-907FD348548D}.Debug|iPhone.ActiveCfg = Debug|Any CPU
		{915357B1-E12F-4531-8CFB-907FD348548D}.Debug|iPhone.Build.0 = Debug|Any CPU
		{915357B1-E12F-4531-8CFB-907FD348548D}.Debug|iPhoneSimulator.ActiveCfg = Debug|Any CPU
		{915357B1-E12F-4531-8CFB-907FD348548D}.Debug|iPhoneSimulator.Build.0 = Debug|Any CPU
		{915357B1-E12F-4531-8CFB-907FD348548D}.Debug|x64.ActiveCfg = Debug|Any CPU
		{915357B1-E12F-4531-8CFB-907FD348548D}.Debug|x64.Build.0 = Debug|Any CPU
		{915357B1-E12F-4531-8CFB-907FD348548D}.Debug|x86.ActiveCfg = Debug|Any CPU
		{915357B1-E12F-4531-8CFB-907FD348548D}.Debug|x86.Build.0 = Debug|Any CPU
		{915357B1-E12F-4531-8CFB-907FD348548D}.Release|Any CPU.ActiveCfg = Release|Any CPU
		{915357B1-E12F-4531-8CFB-907FD348548D}.Release|Any CPU.Build.0 = Release|Any CPU
		{915357B1-E12F-4531-8CFB-907FD348548D}.Release|ARM.ActiveCfg = Release|Any CPU
		{915357B1-E12F-4531-8CFB-907FD348548D}.Release|ARM.Build.0 = Release|Any CPU
		{915357B1-E12F-4531-8CFB-907FD348548D}.Release|ARM64.ActiveCfg = Release|Any CPU
		{915357B1-E12F-4531-8CFB-907FD348548D}.Release|ARM64.Build.0 = Release|Any CPU
		{915357B1-E12F-4531-8CFB-907FD348548D}.Release|iPhone.ActiveCfg = Release|Any CPU
		{915357B1-E12F-4531-8CFB-907FD348548D}.Release|iPhone.Build.0 = Release|Any CPU
		{915357B1-E12F-4531-8CFB-907FD348548D}.Release|iPhoneSimulator.ActiveCfg = Release|Any CPU
		{915357B1-E12F-4531-8CFB-907FD348548D}.Release|iPhoneSimulator.Build.0 = Release|Any CPU
		{915357B1-E12F-4531-8CFB-907FD348548D}.Release|x64.ActiveCfg = Release|Any CPU
		{915357B1-E12F-4531-8CFB-907FD348548D}.Release|x64.Build.0 = Release|Any CPU
		{915357B1-E12F-4531-8CFB-907FD348548D}.Release|x86.ActiveCfg = Release|Any CPU
		{915357B1-E12F-4531-8CFB-907FD348548D}.Release|x86.Build.0 = Release|Any CPU
	EndGlobalSection
	GlobalSection(SolutionProperties) = preSolution
		HideSolutionNode = FALSE
	EndGlobalSection
	GlobalSection(NestedProjects) = preSolution
		{DB1D1765-881E-47DA-89EE-B48B48720A40} = {B751CA6F-7437-4298-913F-99A1DFEB61A3}
		{7941B2C9-CB07-483B-82A7-1D41AFB06B06} = {B751CA6F-7437-4298-913F-99A1DFEB61A3}
		{9857D9BA-5701-4DA5-8825-4C33A6F2CFC2} = {B751CA6F-7437-4298-913F-99A1DFEB61A3}
		{A01F3DA4-099B-4796-AA53-59C626A63A3C} = {B751CA6F-7437-4298-913F-99A1DFEB61A3}
		{CD61E13D-77A1-44C7-BD8C-4878283E5421} = {B751CA6F-7437-4298-913F-99A1DFEB61A3}
		{3A4D56CF-ED59-4AA7-8148-58530DCBCF88} = {B751CA6F-7437-4298-913F-99A1DFEB61A3}
		{2AA4CCA9-D9B5-4719-A162-4C6CED964F87} = {B751CA6F-7437-4298-913F-99A1DFEB61A3}
		{B611C2C7-98F3-4400-B776-0AD2A54CBB8B} = {B751CA6F-7437-4298-913F-99A1DFEB61A3}
		{915357B1-E12F-4531-8CFB-907FD348548D} = {B751CA6F-7437-4298-913F-99A1DFEB61A3}
	EndGlobalSection
	GlobalSection(ExtensibilityGlobals) = postSolution
		SolutionGuid = {B9A96F80-C5F6-49E1-8061-493C5255B6C1}
	EndGlobalSection
EndGlobal
